# This file is automatically @generated by Poetry 1.5.1 and should not be changed by hand.

[[package]]
name = "interval-timer"
version = "1.0.0"
description = "interval-timer is a Python package that enables iterating over a sequence of regular time intervals with high precision."
optional = false
python-versions = ">=3.10,<4.0"
files = [
    {file = "interval_timer-1.0.0-py3-none-any.whl", hash = "sha256:e49a43f419f622644761256676f5286a44d3dd2d8cf826ae1996fb8d56d3b189"},
    {file = "interval_timer-1.0.0.tar.gz", hash = "sha256:c527434ed846e8d69ab59850af6d876d69b1d390b73ec32cb2fda4fd94b22015"},
]

[metadata]
lock-version = "2.0"
python-versions = "^3.11"
content-hash = "529345dfd88f3e55ee60e4a596bdaef85205e9269d742590a23ed095b5a83eee"
